// !$*UTF8*$!
{
	archiveVersion = 1;
	classes = {
	};
	objectVersion = 46;
	objects = {

/* Begin PBXBuildFile section */
		87BACA6D1CD6407F00FC32C0 /* main.cpp in Sources */ = {isa = PBXBuildFile; fileRef = 87BACA6C1CD6407F00FC32C0 /* main.cpp */; };
		87BACA7A1CD698B200FC32C0 /* Dictionary.cpp in Sources */ = {isa = PBXBuildFile; fileRef = 87BACA781CD698B200FC32C0 /* Dictionary.cpp */; };
/* End PBXBuildFile section */

/* Begin PBXCopyFilesBuildPhase section */
		87BACA671CD6407E00FC32C0 /* CopyFiles */ = {
			isa = PBXCopyFilesBuildPhase;
			buildActionMask = 2147483647;
			dstPath = /usr/share/man/man1/;
			dstSubfolderSpec = 0;
			files = (
			);
			runOnlyForDeploymentPostprocessing = 1;
		};
/* End PBXCopyFilesBuildPhase section */

/* Begin PBXFileReference section */
		87BACA691CD6407F00FC32C0 /* BoggleSolver */ = {isa = PBXFileReference; explicitFileType = "compiled.mach-o.executable"; includeInIndex = 0; path = BoggleSolver; sourceTree = BUILT_PRODUCTS_DIR; };
		87BACA6C1CD6407F00FC32C0 /* main.cpp */ = {isa = PBXFileReference; lastKnownFileType = sourcecode.cpp.cpp; path = main.cpp; sourceTree = "<group>"; };
		87BACA731CD6431E00FC32C0 /* Dictionary.h */ = {isa = PBXFileReference; lastKnownFileType = sourcecode.c.h; path = Dictionary.h; sourceTree = "<group>"; };
		87BACA781CD698B200FC32C0 /* Dictionary.cpp */ = {isa = PBXFileReference; fileEncoding = 4; lastKnownFileType = sourcecode.cpp.cpp; path = Dictionary.cpp; sourceTree = "<group>"; };
/* End PBXFileReference section */

/* Begin PBXFrameworksBuildPhase section */
		87BACA661CD6407E00FC32C0 /* Frameworks */ = {
			isa = PBXFrameworksBuildPhase;
			buildActionMask = 2147483647;
			files = (
			);
			runOnlyForDeploymentPostprocessing = 0;
		};
/* End PBXFrameworksBuildPhase section */

/* Begin PBXGroup section */
		87BACA601CD6407E00FC32C0 = {
			isa = PBXGroup;
			children = (
				87BACA6B1CD6407F00FC32C0 /* BoggleSolver */,
				87BACA6A1CD6407F00FC32C0 /* Products */,
			);
			sourceTree = "<group>";
		};
		87BACA6A1CD6407F00FC32C0 /* Products */ = {
			isa = PBXGroup;
			children = (
				87BACA691CD6407F00FC32C0 /* BoggleSolver */,
			);
			name = Products;
			sourceTree = "<group>";
		};
		87BACA6B1CD6407F00FC32C0 /* BoggleSolver */ = {
			isa = PBXGroup;
			children = (
				87BACA6C1CD6407F00FC32C0 /* main.cpp */,
				87BACA731CD6431E00FC32C0 /* Dictionary.h */,
				87BACA781CD698B200FC32C0 /* Dictionary.cpp */,
			);
			path = BoggleSolver;
			sourceTree = "<group>";
		};
/* End PBXGroup section */

/* Begin PBXNativeTarget section */
		87BACA681CD6407E00FC32C0 /* BoggleSolver */ = {
			isa = PBXNativeTarget;
			buildConfigurationList = 87BACA701CD6407F00FC32C0 /* Build configuration list for PBXNativeTarget "BoggleSolver" */;
			buildPhases = (
				87BACA651CD6407E00FC32C0 /* Sources */,
				87BACA661CD6407E00FC32C0 /* Frameworks */,
				87BACA671CD6407E00FC32C0 /* CopyFiles */,
			);
			buildRules = (
			);
			dependencies = (
			);
			name = BoggleSolver;
			productName = BoggleSolver;
			productReference = 87BACA691CD6407F00FC32C0 /* BoggleSolver */;
			productType = "com.apple.product-type.tool";
		};
/* End PBXNativeTarget section */

/* Begin PBXProject section */
		87BACA611CD6407E00FC32C0 /* Project object */ = {
			isa = PBXProject;
			attributes = {
				LastUpgradeCheck = 0730;
				ORGANIZATIONNAME = "Vince Lugli";
				TargetAttributes = {
					87BACA681CD6407E00FC32C0 = {
						CreatedOnToolsVersion = 7.3;
					};
				};
			};
			buildConfigurationList = 87BACA641CD6407E00FC32C0 /* Build configuration list for PBXProject "BoggleSolver" */;
			compatibilityVersion = "Xcode 3.2";
			developmentRegion = English;
			hasScannedForEncodings = 0;
			knownRegions = (
				en,
			);
			mainGroup = 87BACA601CD6407E00FC32C0;
			productRefGroup = 87BACA6A1CD6407F00FC32C0 /* Products */;
			projectDirPath = "";
			projectRoot = "";
			targets = (
				87BACA681CD6407E00FC32C0 /* BoggleSolver */,
			);
		};
/* End PBXProject section */

/* Begin PBXSourcesBuildPhase section */
		87BACA651CD6407E00FC32C0 /* Sources */ = {
			isa = PBXSourcesBuildPhase;
			buildActionMask = 2147483647;
			files = (
				87BACA6D1CD6407F00FC32C0 /* main.cpp in Sources */,
				87BACA7A1CD698B200FC32C0 /* Dictionary.cpp in Sources */,
			);
			runOnlyForDeploymentPostprocessing = 0;
		};
/* End PBXSourcesBuildPhase section */

/* Begin XCBuildConfiguration section */
		87BACA6E1CD6407F00FC32C0 /* Debug */ = {
			isa = XCBuildConfiguration;
			buildSettings = {
				ALWAYS_SEARCH_USER_PATHS = NO;
				CLANG_ANALYZER_NONNULL = YES;
				CLANG_CXX_LANGUAGE_STANDARD = "gnu++0x";
				CLANG_CXX_LIBRARY = "libc++";
				CLANG_ENABLE_MODULES = YES;
				CLANG_ENABLE_OBJC_ARC = YES;
				CLANG_WARN_BOOL_CONVERSION = YES;
				CLANG_WARN_CONSTANT_CONVERSION = YES;
				CLANG_WARN_DIRECT_OBJC_ISA_USAGE = YES_ERROR;
				CLANG_WARN_EMPTY_BODY = YES;
				CLANG_WARN_ENUM_CONVERSION = YES;
				CLANG_WARN_INT_CONVERSION = YES;
				CLANG_WARN_OBJC_ROOT_CLASS = YES_ERROR;
				CLANG_WARN_UNREACHABLE_CODE = YES;
				CLANG_WARN__DUPLICATE_METHOD_MATCH = YES;
				CODE_SIGN_IDENTITY = "-";
				COPY_PHASE_STRIP = NO;
				DEBUG_INFORMATION_FORMAT = dwarf;
				ENABLE_STRICT_OBJC_MSGSEND = YES;
				ENABLE_TESTABILITY = YES;
				GCC_C_LANGUAGE_STANDARD = gnu99;
				GCC_DYNAMIC_NO_PIC = NO;
				GCC_NO_COMMON_BLOCKS = YES;
				GCC_OPTIMIZATION_LEVEL = 0;
				GCC_PREPROCESSOR_DEFINITIONS = (
					"DEBUG=1",
					"$(inherited)",
				);
				GCC_WARN_64_TO_32_BIT_CONVERSION = YES;
				GCC_WARN_ABOUT_RETURN_TYPE = YES_ERROR;
				GCC_WARN_UNDECLARED_SELECTOR = YES;
				GCC_WARN_UNINITIALIZED_AUTOS = YES_AGGRESSIVE;
				GCC_WARN_UNUSED_FUNCTION = YES;
				GCC_WARN_UNUSED_VARIABLE = YES;
				MACOSX_DEPLOYMENT_TARGET = 10.11;
				MTL_ENABLE_DEBUG_INFO = YES;
				ONLY_ACTIVE_ARCH = YES;
				SDKROOT = macosx;
			};
			name = Debug;
		};
		87BACA6F1CD6407F00FC32C0 /* Release */ = {
			isa = XCBuildConfiguration;
			buildSettings = {
				ALWAYS_SEARCH_USER_PATHS = NO;
				CLANG_ANALYZER_NONNULL = YES;
				CLANG_CXX_LANGUAGE_STANDARD = "gnu++0x";
				CLANG_CXX_LIBRARY = "libc++";
				CLANG_ENABLE_MODULES = YES;
				CLANG_ENABLE_OBJC_ARC = YES;
				CLANG_WARN_BOOL_CONVERSION = YES;
				CLANG_WARN_CONSTANT_CONVERSION = YES;
				CLANG_WARN_DIRECT_OBJC_ISA_USAGE = YES_ERROR;
				CLANG_WARN_EMPTY_BODY = YES;
				CLANG_WARN_ENUM_CONVERSION = YES;
				CLANG_WARN_INT_CONVERSION = YES;
				CLANG_WARN_OBJC_ROOT_CLASS = YES_ERROR;
				CLANG_WARN_UNREACHABLE_CODE = YES;
				CLANG_WARN__DUPLICATE_METHOD_MATCH = YES;
				CODE_SIGN_IDENTITY = "-";
				COPY_PHASE_STRIP = NO;
				DEBUG_INFORMATION_FORMAT = "dwarf-with-dsym";
				ENABLE_NS_ASSERTIONS = NO;
				ENABLE_STRICT_OBJC_MSGSEND = YES;
				GCC_C_LANGUAGE_STANDARD = gnu99;
				GCC_NO_COMMON_BLOCKS = YES;
				GCC_WARN_64_TO_32_BIT_CONVERSION = YES;
				GCC_WARN_ABOUT_RETURN_TYPE = YES_ERROR;
				GCC_WARN_UNDECLARED_SELECTOR = YES;
				GCC_WARN_UNINITIALIZED_AUTOS = YES_AGGRESSIVE;
				GCC_WARN_UNUSED_FUNCTION = YES;
				GCC_WARN_UNUSED_VARIABLE = YES;
				MACOSX_DEPLOYMENT_TARGET = 10.11;
				MTL_ENABLE_DEBUG_INFO = NO;
				SDKROOT = macosx;
			};
			name = Release;
		};
		87BACA711CD6407F00FC32C0 /* Debug */ = {
			isa = XCBuildConfiguration;
			buildSettings = {
				PRODUCT_NAME = "$(TARGET_NAME)";
			};
			name = Debug;
		};
		87BACA721CD6407F00FC32C0 /* Release */ = {
			isa = XCBuildConfiguration;
			buildSettings = {
				PRODUCT_NAME = "$(TARGET_NAME)";
			};
			name = Release;
		};
/* End XCBuildConfiguration section */

/* Begin XCConfigurationList section */
		87BACA641CD6407E00FC32C0 /* Build configuration list for PBXProject "BoggleSolver" */ = {
			isa = XCConfigurationList;
			buildConfigurations = (
				87BACA6E1CD6407F00FC32C0 /* Debug */,
				87BACA6F1CD6407F00FC32C0 /* Release */,
			);
			defaultConfigurationIsVisible = 0;
			defaultConfigurationName = Release;
		};
		87BACA701CD6407F00FC32C0 /* Build configuration list for PBXNativeTarget "BoggleSolver" */ = {
			isa = XCConfigurationList;
			buildConfigurations = (
				87BACA711CD6407F00FC32C0 /* Debug */,
				87BACA721CD6407F00FC32C0 /* Release */,
			);
			defaultConfigurationIsVisible = 0;
		};
/* End XCConfigurationList section */
	};
	rootObject = 87BACA611CD6407E00FC32C0 /* Project object */;
}
